PODS:
  - Alamofire (5.7.1)
  - APIFire (1.0.0):
    - Alamofire (~> 5.7)
    - Logging (~> 1.4)
  - Logging (1.4.0)
  - Nimble (11.2.2)
  - Quick (6.1.0)

DEPENDENCIES:
  - APIFire (from `../`)
  - Nimble (~> 11.2)
  - Quick (~> 6.1)

SPEC REPOS:
  trunk:
    - Alamofire
    - Logging
    - Nimble
    - Quick

EXTERNAL SOURCES:
  APIFire:
    :path: "../"

SPEC CHECKSUMS:
  Alamofire: 0123a34370cb170936ae79a8df46cc62b2edeb88
  APIFire: 24eb9b058195f4074d5e70280aa9ff6eeb5c9d8c
  Logging: beeb016c9c80cf77042d62e83495816847ef108b
  Nimble: 01a944d4d07eab73617dfd4b32ac9f7152ac34de
  Quick: 6676ffb409bf04abba2ff23902af2407bfc6ac90

PODFILE CHECKSUM: aae344d799ba1536ce3d4d4cc82d49f4aa3486ff

COCOAPODS: 1.12.1
